
Microsoft Visual Studio Solution File, Format Version 12.00
# Visual Studio Version 17
VisualStudioVersion = 17.8.34322.80
MinimumVisualStudioVersion = 10.0.40219.1
Project("{FAE04EC0-301F-11D3-BF4B-00C04F79EFBC}") = "VickyFood", "VickyFood\VickyFood.csproj", "{89135F5D-C935-40F4-B169-EA178A1FB2BA}"
EndProject
Global
	GlobalSection(SolutionConfigurationPlatforms) = preSolution
		Debug|Any CPU = Debug|Any CPU
		Release|Any CPU = Release|Any CPU
	EndGlobalSection
	GlobalSection(ProjectConfigurationPlatforms) = postSolution
		{89135F5D-C935-40F4-B169-EA178A1FB2BA}.Debug|Any CPU.ActiveCfg = Debug|Any CPU
		{89135F5D-C935-40F4-B169-EA178A1FB2BA}.Debug|Any CPU.Build.0 = Debug|Any CPU
		{89135F5D-C935-40F4-B169-EA178A1FB2BA}.Release|Any CPU.ActiveCfg = Release|Any CPU
		{89135F5D-C935-40F4-B169-EA178A1FB2BA}.Release|Any CPU.Build.0 = Release|Any CPU
	EndGlobalSection
	GlobalSection(SolutionProperties) = preSolution
		HideSolutionNode = FALSE
	EndGlobalSection
	GlobalSection(ExtensibilityGlobals) = postSolution
		SolutionGuid = {1A5B1AFC-2A08-4482-A3C1-FBF7FBB597C7}
	EndGlobalSection
EndGlobal
